<?xml version="1.0" encoding="utf-8"?>
<Project ToolsVersion="4.0" xmlns="http://schemas.microsoft.com/developer/msbuild/2003">
  <ItemGroup>
    <Filter Include="Исходные файлы">
      <UniqueIdentifier>{4FC737F1-C7A5-4376-A066-2A32D752A2FF}</UniqueIdentifier>
      <Extensions>cpp;c;cc;cxx;c++;cppm;ixx;def;odl;idl;hpj;bat;asm;asmx</Extensions>
    </Filter>
    <Filter Include="Файлы заголовков">
      <UniqueIdentifier>{93995380-89BD-4b04-88EB-625FBE52EBFB}</UniqueIdentifier>
      <Extensions>h;hh;hpp;hxx;h++;hm;inl;inc;ipp;xsd</Extensions>
    </Filter>
    <Filter Include="Файлы ресурсов">
      <UniqueIdentifier>{67DA6AB6-F800-4c08-8B7A-83BB121AAD01}</UniqueIdentifier>
      <Extensions>rc;ico;cur;bmp;dlg;rc2;rct;bin;rgs;gif;jpg;jpeg;jpe;resx;tiff;tif;png;wav;mfcribbon-ms</Extensions>
    </Filter>
    <Filter Include="Файлы ресурсов\file_manipulators">
      <UniqueIdentifier>{8f6894cf-bead-4937-b8b5-f0a3d08cec32}</UniqueIdentifier>
    </Filter>
    <Filter Include="Файлы заголовков\jsoncpp">
      <UniqueIdentifier>{da98318f-3083-4e3b-829c-beebdb9041d9}</UniqueIdentifier>
    </Filter>
  </ItemGroup>
  <ItemGroup>
    <ClCompile Include="MyForm.cpp">
      <Filter>Файлы ресурсов</Filter>
    </ClCompile>
    <ClCompile Include="Csv_manipulator.cpp">
      <Filter>Файлы ресурсов\file_manipulators</Filter>
    </ClCompile>
    <ClCompile Include="Json_manipulator.cpp">
      <Filter>Файлы ресурсов\file_manipulators</Filter>
    </ClCompile>
    <ClCompile Include="Hash.cpp">
      <Filter>Файлы ресурсов</Filter>
    </ClCompile>
    <ClCompile Include="Set.cpp">
      <Filter>Исходные файлы</Filter>
    </ClCompile>
    <ClCompile Include="Exeption.cpp">
      <Filter>Файлы ресурсов</Filter>
    </ClCompile>
    <ClCompile Include="MyForm1.cpp">
      <Filter>Файлы ресурсов</Filter>
    </ClCompile>
    <ClCompile Include="DataLoad.cpp">
      <Filter>Файлы ресурсов</Filter>
    </ClCompile>
    <ClCompile Include="MyForm3.cpp">
      <Filter>Файлы ресурсов</Filter>
    </ClCompile>
    <ClCompile Include="MyForm4.cpp">
      <Filter>Файлы ресурсов</Filter>
    </ClCompile>
    <ClCompile Include="String_manipulator.cpp">
      <Filter>Файлы ресурсов</Filter>
    </ClCompile>
    <ClCompile Include="AdminPanel.cpp">
      <Filter>Файлы заголовков</Filter>
    </ClCompile>
    <ClCompile Include="PasswordForm.cpp">
      <Filter>Файлы заголовков</Filter>
    </ClCompile>
  </ItemGroup>
  <ItemGroup>
    <ClInclude Include="MyForm.h">
      <Filter>Файлы ресурсов</Filter>
    </ClInclude>
    <ClInclude Include="Hash.h">
      <Filter>Файлы заголовков</Filter>
    </ClInclude>
    <ClInclude Include="Set.h">
      <Filter>Файлы заголовков</Filter>
    </ClInclude>
    <ClInclude Include="Exeption.h">
      <Filter>Файлы заголовков</Filter>
    </ClInclude>
    <ClInclude Include="String_manipulator.h">
      <Filter>Файлы заголовков</Filter>
    </ClInclude>
    <ClInclude Include="Json_manipulator.h">
      <Filter>Файлы заголовков</Filter>
    </ClInclude>
    <ClInclude Include="Csv_manipulator.h">
      <Filter>Файлы заголовков</Filter>
    </ClInclude>
    <ClInclude Include="DataLoad.h">
      <Filter>Файлы ресурсов</Filter>
    </ClInclude>
    <ClInclude Include="MyForm3.h">
      <Filter>Файлы ресурсов</Filter>
    </ClInclude>
    <ClInclude Include="MyForm4.h">
      <Filter>Файлы ресурсов</Filter>
    </ClInclude>
    <ClInclude Include="json\allocator.h">
      <Filter>Файлы заголовков\jsoncpp</Filter>
    </ClInclude>
    <ClInclude Include="json\assertions.h">
      <Filter>Файлы заголовков\jsoncpp</Filter>
    </ClInclude>
    <ClInclude Include="json\config.h">
      <Filter>Файлы заголовков\jsoncpp</Filter>
    </ClInclude>
    <ClInclude Include="json\forwards.h">
      <Filter>Файлы заголовков\jsoncpp</Filter>
    </ClInclude>
    <ClInclude Include="json\json.h">
      <Filter>Файлы заголовков\jsoncpp</Filter>
    </ClInclude>
    <ClInclude Include="json\json_features.h">
      <Filter>Файлы заголовков\jsoncpp</Filter>
    </ClInclude>
    <ClInclude Include="json\version.h">
      <Filter>Файлы заголовков\jsoncpp</Filter>
    </ClInclude>
    <ClInclude Include="json\value.h">
      <Filter>Файлы заголовков\jsoncpp</Filter>
    </ClInclude>
    <ClInclude Include="MyForm2.h">
      <Filter>Файлы заголовков</Filter>
    </ClInclude>
    <ClInclude Include="AdminPanel.h">
      <Filter>Файлы заголовков</Filter>
    </ClInclude>
    <ClInclude Include="PasswordForm.h">
      <Filter>Файлы заголовков</Filter>
    </ClInclude>
  </ItemGroup>
</Project>